github.com/simplylib/errgroup v0.0.5 h1:gQKKGMScxgK5/GyEd3mbt74CfOAquan3a9qGYUIJgB4=
github.com/simplylib/errgroup v0.0.5/go.mod h1:0vzyItOFZKama20/L6Pec4Nblvp5CSrkVQmUUVAwv28=
github.com/simplylib/multierror v0.0.2 h1:72szhIdMVOyyT7cJ9H7BgehRoWe54ELWHbSlQ/f8Z8Y=
github.com/simplylib/multierror v0.0.2/go.mod h1:na9RFlzGQKHwZjlfE0guLlmyGsdRuSSksqTeuwEVItQ=
golang.org/x/mod v0.12.0 h1:rmsUpXtvNzj340zd98LZ4KntptpfRHwpFOHG188oHXc=
golang.org/x/mod v0.12.0/go.mod h1:iBbtSCu2XBx23ZKBPSOrRkjjQPZFPuis4dIYUhu/chs=
