github.com/simplylib/errgroup v0.0.6 h1:YOryBFznoYpVorii0xkxwRn3YSRN3cDdyJcEUOWIUro=
github.com/simplylib/errgroup v0.0.6/go.mod h1:LrhDWlpGn/xMLQfDVHbltuUulMOmpj2OLcSveOkD9Bw=
golang.org/x/mod v0.16.0 h1:QX4fJ0Rr5cPQCF7O9lh9Se4pmwfwskqZfq5moyldzic=
golang.org/x/mod v0.16.0/go.mod h1:hTbmBsO62+eylJbnUtE2MGJUyE7QWk4xUqPFrRgJ+7c=
